// !$*UTF8*$!
{
	archiveVersion = 1;
	classes = {
	};
	objectVersion = 46;
	objects = {

/* Begin PBXBuildFile section */
		87415D0A1E0129C9005C5AEA /* main.m in Sources */ = {isa = PBXBuildFile; fileRef = 87415D091E0129C9005C5AEA /* main.m */; };
		87415D0D1E0129C9005C5AEA /* AppDelegate.m in Sources */ = {isa = PBXBuildFile; fileRef = 87415D0C1E0129C9005C5AEA /* AppDelegate.m */; };
		87415D101E0129C9005C5AEA /* ViewController.m in Sources */ = {isa = PBXBuildFile; fileRef = 87415D0F1E0129C9005C5AEA /* ViewController.m */; };
		87415D131E0129C9005C5AEA /* Main.storyboard in Resources */ = {isa = PBXBuildFile; fileRef = 87415D111E0129C9005C5AEA /* Main.storyboard */; };
		87415D151E0129C9005C5AEA /* Assets.xcassets in Resources */ = {isa = PBXBuildFile; fileRef = 87415D141E0129C9005C5AEA /* Assets.xcassets */; };
		87415D181E0129C9005C5AEA /* LaunchScreen.storyboard in Resources */ = {isa = PBXBuildFile; fileRef = 87415D161E0129C9005C5AEA /* LaunchScreen.storyboard */; };
		87415D231E0129C9005C5AEA /* LanshanTransportationOATests.m in Sources */ = {isa = PBXBuildFile; fileRef = 87415D221E0129C9005C5AEA /* LanshanTransportationOATests.m */; };
		87415D2E1E0129C9005C5AEA /* LanshanTransportationOAUITests.m in Sources */ = {isa = PBXBuildFile; fileRef = 87415D2D1E0129C9005C5AEA /* LanshanTransportationOAUITests.m */; };
		8782726B1E0133FC00DECCBD /* LTMainViewController.m in Sources */ = {isa = PBXBuildFile; fileRef = 8782726A1E0133FC00DECCBD /* LTMainViewController.m */; };
		8782726E1E014F8800DECCBD /* LTTabBarController.m in Sources */ = {isa = PBXBuildFile; fileRef = 8782726D1E014F8800DECCBD /* LTTabBarController.m */; };
		878272711E01542500DECCBD /* LTContactsViewController.m in Sources */ = {isa = PBXBuildFile; fileRef = 878272701E01542500DECCBD /* LTContactsViewController.m */; };
		878272741E01545400DECCBD /* LTCommunicateViewController.m in Sources */ = {isa = PBXBuildFile; fileRef = 878272731E01545400DECCBD /* LTCommunicateViewController.m */; };
		8782729D1E0154D200DECCBD /* AFHTTPRequestOperation.m in Sources */ = {isa = PBXBuildFile; fileRef = 878272791E0154D200DECCBD /* AFHTTPRequestOperation.m */; };
		8782729E1E0154D200DECCBD /* AFHTTPRequestOperationManager.m in Sources */ = {isa = PBXBuildFile; fileRef = 8782727B1E0154D200DECCBD /* AFHTTPRequestOperationManager.m */; };
		8782729F1E0154D200DECCBD /* AFHTTPSessionManager.m in Sources */ = {isa = PBXBuildFile; fileRef = 8782727D1E0154D200DECCBD /* AFHTTPSessionManager.m */; };
		878272A01E0154D200DECCBD /* AFNetworkReachabilityManager.m in Sources */ = {isa = PBXBuildFile; fileRef = 878272801E0154D200DECCBD /* AFNetworkReachabilityManager.m */; };
		878272A11E0154D200DECCBD /* AFSecurityPolicy.m in Sources */ = {isa = PBXBuildFile; fileRef = 878272821E0154D200DECCBD /* AFSecurityPolicy.m */; };
		878272A21E0154D200DECCBD /* AFURLConnectionOperation.m in Sources */ = {isa = PBXBuildFile; fileRef = 878272841E0154D200DECCBD /* AFURLConnectionOperation.m */; };
		878272A31E0154D200DECCBD /* AFURLRequestSerialization.m in Sources */ = {isa = PBXBuildFile; fileRef = 878272861E0154D200DECCBD /* AFURLRequestSerialization.m */; };
		878272A41E0154D200DECCBD /* AFURLResponseSerialization.m in Sources */ = {isa = PBXBuildFile; fileRef = 878272881E0154D200DECCBD /* AFURLResponseSerialization.m */; };
		878272A51E0154D200DECCBD /* AFURLSessionManager.m in Sources */ = {isa = PBXBuildFile; fileRef = 8782728A1E0154D200DECCBD /* AFURLSessionManager.m */; };
		878272A61E0154D200DECCBD /* AFNetworkActivityIndicatorManager.m in Sources */ = {isa = PBXBuildFile; fileRef = 8782728D1E0154D200DECCBD /* AFNetworkActivityIndicatorManager.m */; };
		878272A71E0154D200DECCBD /* UIActivityIndicatorView+AFNetworking.m in Sources */ = {isa = PBXBuildFile; fileRef = 8782728F1E0154D200DECCBD /* UIActivityIndicatorView+AFNetworking.m */; };
		878272A81E0154D200DECCBD /* UIAlertView+AFNetworking.m in Sources */ = {isa = PBXBuildFile; fileRef = 878272911E0154D200DECCBD /* UIAlertView+AFNetworking.m */; };
		878272A91E0154D200DECCBD /* UIButton+AFNetworking.m in Sources */ = {isa = PBXBuildFile; fileRef = 878272931E0154D200DECCBD /* UIButton+AFNetworking.m */; };
		878272AA1E0154D200DECCBD /* UIImageView+AFNetworking.m in Sources */ = {isa = PBXBuildFile; fileRef = 878272951E0154D200DECCBD /* UIImageView+AFNetworking.m */; };
		878272AB1E0154D200DECCBD /* UIProgressView+AFNetworking.m in Sources */ = {isa = PBXBuildFile; fileRef = 878272981E0154D200DECCBD /* UIProgressView+AFNetworking.m */; };
		878272AC1E0154D200DECCBD /* UIRefreshControl+AFNetworking.m in Sources */ = {isa = PBXBuildFile; fileRef = 8782729A1E0154D200DECCBD /* UIRefreshControl+AFNetworking.m */; };
		878272AD1E0154D200DECCBD /* UIWebView+AFNetworking.m in Sources */ = {isa = PBXBuildFile; fileRef = 8782729C1E0154D200DECCBD /* UIWebView+AFNetworking.m */; };
		878272B21E0154E100DECCBD /* SVProgressHUD.bundle in Resources */ = {isa = PBXBuildFile; fileRef = 878272AF1E0154E100DECCBD /* SVProgressHUD.bundle */; };
		878272B31E0154E100DECCBD /* SVProgressHUD.m in Sources */ = {isa = PBXBuildFile; fileRef = 878272B11E0154E100DECCBD /* SVProgressHUD.m */; };
		878272F51E0158D600DECCBD /* NSObject+SBJson.m in Sources */ = {isa = PBXBuildFile; fileRef = 878272DD1E0158D600DECCBD /* NSObject+SBJson.m */; };
		878272F61E0158D600DECCBD /* SBJsonParser.m in Sources */ = {isa = PBXBuildFile; fileRef = 878272E01E0158D600DECCBD /* SBJsonParser.m */; };
		878272F71E0158D600DECCBD /* SBJsonStreamParser.m in Sources */ = {isa = PBXBuildFile; fileRef = 878272E21E0158D600DECCBD /* SBJsonStreamParser.m */; };
		878272F81E0158D600DECCBD /* SBJsonStreamParserAccumulator.m in Sources */ = {isa = PBXBuildFile; fileRef = 878272E41E0158D600DECCBD /* SBJsonStreamParserAccumulator.m */; };
		878272F91E0158D600DECCBD /* SBJsonStreamParserAdapter.m in Sources */ = {isa = PBXBuildFile; fileRef = 878272E61E0158D600DECCBD /* SBJsonStreamParserAdapter.m */; };
		878272FA1E0158D600DECCBD /* SBJsonStreamParserState.m in Sources */ = {isa = PBXBuildFile; fileRef = 878272E81E0158D600DECCBD /* SBJsonStreamParserState.m */; };
		878272FB1E0158D600DECCBD /* SBJsonStreamWriter.m in Sources */ = {isa = PBXBuildFile; fileRef = 878272EA1E0158D600DECCBD /* SBJsonStreamWriter.m */; };
		878272FC1E0158D600DECCBD /* SBJsonStreamWriterAccumulator.m in Sources */ = {isa = PBXBuildFile; fileRef = 878272EC1E0158D600DECCBD /* SBJsonStreamWriterAccumulator.m */; };
		878272FD1E0158D600DECCBD /* SBJsonStreamWriterState.m in Sources */ = {isa = PBXBuildFile; fileRef = 878272EE1E0158D600DECCBD /* SBJsonStreamWriterState.m */; };
		878272FE1E0158D600DECCBD /* SBJsonTokeniser.m in Sources */ = {isa = PBXBuildFile; fileRef = 878272F01E0158D600DECCBD /* SBJsonTokeniser.m */; };
		878272FF1E0158D600DECCBD /* SBJsonUTF8Stream.m in Sources */ = {isa = PBXBuildFile; fileRef = 878272F21E0158D600DECCBD /* SBJsonUTF8Stream.m */; };
		878273001E0158D600DECCBD /* SBJsonWriter.m in Sources */ = {isa = PBXBuildFile; fileRef = 878272F41E0158D600DECCBD /* SBJsonWriter.m */; };
/* End PBXBuildFile section */

/* Begin PBXContainerItemProxy section */
		87415D1F1E0129C9005C5AEA /* PBXContainerItemProxy */ = {
			isa = PBXContainerItemProxy;
			containerPortal = 87415CFD1E0129C9005C5AEA /* Project object */;
			proxyType = 1;
			remoteGlobalIDString = 87415D041E0129C9005C5AEA;
			remoteInfo = LanshanTransportationOA;
		};
		87415D2A1E0129C9005C5AEA /* PBXContainerItemProxy */ = {
			isa = PBXContainerItemProxy;
			containerPortal = 87415CFD1E0129C9005C5AEA /* Project object */;
			proxyType = 1;
			remoteGlobalIDString = 87415D041E0129C9005C5AEA;
			remoteInfo = LanshanTransportationOA;
		};
/* End PBXContainerItemProxy section */

/* Begin PBXFileReference section */
		87415D051E0129C9005C5AEA /* LanshanTransportationOA.app */ = {isa = PBXFileReference; explicitFileType = wrapper.application; includeInIndex = 0; path = LanshanTransportationOA.app; sourceTree = BUILT_PRODUCTS_DIR; };
		87415D091E0129C9005C5AEA /* main.m */ = {isa = PBXFileReference; lastKnownFileType = sourcecode.c.objc; path = main.m; sourceTree = "<group>"; };
		87415D0B1E0129C9005C5AEA /* AppDelegate.h */ = {isa = PBXFileReference; lastKnownFileType = sourcecode.c.h; path = AppDelegate.h; sourceTree = "<group>"; };
		87415D0C1E0129C9005C5AEA /* AppDelegate.m */ = {isa = PBXFileReference; lastKnownFileType = sourcecode.c.objc; path = AppDelegate.m; sourceTree = "<group>"; };
		87415D0E1E0129C9005C5AEA /* ViewController.h */ = {isa = PBXFileReference; lastKnownFileType = sourcecode.c.h; path = ViewController.h; sourceTree = "<group>"; };
		87415D0F1E0129C9005C5AEA /* ViewController.m */ = {isa = PBXFileReference; lastKnownFileType = sourcecode.c.objc; path = ViewController.m; sourceTree = "<group>"; };
		87415D121E0129C9005C5AEA /* Base */ = {isa = PBXFileReference; lastKnownFileType = file.storyboard; name = Base; path = Base.lproj/Main.storyboard; sourceTree = "<group>"; };
		87415D141E0129C9005C5AEA /* Assets.xcassets */ = {isa = PBXFileReference; lastKnownFileType = folder.assetcatalog; path = Assets.xcassets; sourceTree = "<group>"; };
		87415D171E0129C9005C5AEA /* Base */ = {isa = PBXFileReference; lastKnownFileType = file.storyboard; name = Base; path = Base.lproj/LaunchScreen.storyboard; sourceTree = "<group>"; };
		87415D191E0129C9005C5AEA /* Info.plist */ = {isa = PBXFileReference; lastKnownFileType = text.plist.xml; path = Info.plist; sourceTree = "<group>"; };
		87415D1E1E0129C9005C5AEA /* LanshanTransportationOATests.xctest */ = {isa = PBXFileReference; explicitFileType = wrapper.cfbundle; includeInIndex = 0; path = LanshanTransportationOATests.xctest; sourceTree = BUILT_PRODUCTS_DIR; };
		87415D221E0129C9005C5AEA /* LanshanTransportationOATests.m */ = {isa = PBXFileReference; lastKnownFileType = sourcecode.c.objc; path = LanshanTransportationOATests.m; sourceTree = "<group>"; };
		87415D241E0129C9005C5AEA /* Info.plist */ = {isa = PBXFileReference; lastKnownFileType = text.plist.xml; path = Info.plist; sourceTree = "<group>"; };
		87415D291E0129C9005C5AEA /* LanshanTransportationOAUITests.xctest */ = {isa = PBXFileReference; explicitFileType = wrapper.cfbundle; includeInIndex = 0; path = LanshanTransportationOAUITests.xctest; sourceTree = BUILT_PRODUCTS_DIR; };
		87415D2D1E0129C9005C5AEA /* LanshanTransportationOAUITests.m */ = {isa = PBXFileReference; lastKnownFileType = sourcecode.c.objc; path = LanshanTransportationOAUITests.m; sourceTree = "<group>"; };
		87415D2F1E0129C9005C5AEA /* Info.plist */ = {isa = PBXFileReference; lastKnownFileType = text.plist.xml; path = Info.plist; sourceTree = "<group>"; };
		878272691E0133FC00DECCBD /* LTMainViewController.h */ = {isa = PBXFileReference; fileEncoding = 4; lastKnownFileType = sourcecode.c.h; path = LTMainViewController.h; sourceTree = "<group>"; };
		8782726A1E0133FC00DECCBD /* LTMainViewController.m */ = {isa = PBXFileReference; fileEncoding = 4; lastKnownFileType = sourcecode.c.objc; path = LTMainViewController.m; sourceTree = "<group>"; };
		8782726C1E014F8800DECCBD /* LTTabBarController.h */ = {isa = PBXFileReference; fileEncoding = 4; lastKnownFileType = sourcecode.c.h; path = LTTabBarController.h; sourceTree = "<group>"; };
		8782726D1E014F8800DECCBD /* LTTabBarController.m */ = {isa = PBXFileReference; fileEncoding = 4; lastKnownFileType = sourcecode.c.objc; path = LTTabBarController.m; sourceTree = "<group>"; };
		8782726F1E01542500DECCBD /* LTContactsViewController.h */ = {isa = PBXFileReference; fileEncoding = 4; lastKnownFileType = sourcecode.c.h; path = LTContactsViewController.h; sourceTree = "<group>"; };
		878272701E01542500DECCBD /* LTContactsViewController.m */ = {isa = PBXFileReference; fileEncoding = 4; lastKnownFileType = sourcecode.c.objc; path = LTContactsViewController.m; sourceTree = "<group>"; };
		878272721E01545400DECCBD /* LTCommunicateViewController.h */ = {isa = PBXFileReference; fileEncoding = 4; lastKnownFileType = sourcecode.c.h; path = LTCommunicateViewController.h; sourceTree = "<group>"; };
		878272731E01545400DECCBD /* LTCommunicateViewController.m */ = {isa = PBXFileReference; fileEncoding = 4; lastKnownFileType = sourcecode.c.objc; path = LTCommunicateViewController.m; sourceTree = "<group>"; };
		878272781E0154D200DECCBD /* AFHTTPRequestOperation.h */ = {isa = PBXFileReference; fileEncoding = 4; lastKnownFileType = sourcecode.c.h; path = AFHTTPRequestOperation.h; sourceTree = "<group>"; };
		878272791E0154D200DECCBD /* AFHTTPRequestOperation.m */ = {isa = PBXFileReference; fileEncoding = 4; lastKnownFileType = sourcecode.c.objc; path = AFHTTPRequestOperation.m; sourceTree = "<group>"; };
		8782727A1E0154D200DECCBD /* AFHTTPRequestOperationManager.h */ = {isa = PBXFileReference; fileEncoding = 4; lastKnownFileType = sourcecode.c.h; path = AFHTTPRequestOperationManager.h; sourceTree = "<group>"; };
		8782727B1E0154D200DECCBD /* AFHTTPRequestOperationManager.m */ = {isa = PBXFileReference; fileEncoding = 4; lastKnownFileType = sourcecode.c.objc; path = AFHTTPRequestOperationManager.m; sourceTree = "<group>"; };
		8782727C1E0154D200DECCBD /* AFHTTPSessionManager.h */ = {isa = PBXFileReference; fileEncoding = 4; lastKnownFileType = sourcecode.c.h; path = AFHTTPSessionManager.h; sourceTree = "<group>"; };
		8782727D1E0154D200DECCBD /* AFHTTPSessionManager.m */ = {isa = PBXFileReference; fileEncoding = 4; lastKnownFileType = sourcecode.c.objc; path = AFHTTPSessionManager.m; sourceTree = "<group>"; };
		8782727E1E0154D200DECCBD /* AFNetworking.h */ = {isa = PBXFileReference; fileEncoding = 4; lastKnownFileType = sourcecode.c.h; path = AFNetworking.h; sourceTree = "<group>"; };
		8782727F1E0154D200DECCBD /* AFNetworkReachabilityManager.h */ = {isa = PBXFileReference; fileEncoding = 4; lastKnownFileType = sourcecode.c.h; path = AFNetworkReachabilityManager.h; sourceTree = "<group>"; };
		878272801E0154D200DECCBD /* AFNetworkReachabilityManager.m */ = {isa = PBXFileReference; fileEncoding = 4; lastKnownFileType = sourcecode.c.objc; path = AFNetworkReachabilityManager.m; sourceTree = "<group>"; };
		878272811E0154D200DECCBD /* AFSecurityPolicy.h */ = {isa = PBXFileReference; fileEncoding = 4; lastKnownFileType = sourcecode.c.h; path = AFSecurityPolicy.h; sourceTree = "<group>"; };
		878272821E0154D200DECCBD /* AFSecurityPolicy.m */ = {isa = PBXFileReference; fileEncoding = 4; lastKnownFileType = sourcecode.c.objc; path = AFSecurityPolicy.m; sourceTree = "<group>"; };
		878272831E0154D200DECCBD /* AFURLConnectionOperation.h */ = {isa = PBXFileReference; fileEncoding = 4; lastKnownFileType = sourcecode.c.h; path = AFURLConnectionOperation.h; sourceTree = "<group>"; };
		878272841E0154D200DECCBD /* AFURLConnectionOperation.m */ = {isa = PBXFileReference; fileEncoding = 4; lastKnownFileType = sourcecode.c.objc; path = AFURLConnectionOperation.m; sourceTree = "<group>"; };
		878272851E0154D200DECCBD /* AFURLRequestSerialization.h */ = {isa = PBXFileReference; fileEncoding = 4; lastKnownFileType = sourcecode.c.h; path = AFURLRequestSerialization.h; sourceTree = "<group>"; };
		878272861E0154D200DECCBD /* AFURLRequestSerialization.m */ = {isa = PBXFileReference; fileEncoding = 4; lastKnownFileType = sourcecode.c.objc; path = AFURLRequestSerialization.m; sourceTree = "<group>"; };
		878272871E0154D200DECCBD /* AFURLResponseSerialization.h */ = {isa = PBXFileReference; fileEncoding = 4; lastKnownFileType = sourcecode.c.h; path = AFURLResponseSerialization.h; sourceTree = "<group>"; };
		878272881E0154D200DECCBD /* AFURLResponseSerialization.m */ = {isa = PBXFileReference; fileEncoding = 4; lastKnownFileType = sourcecode.c.objc; path = AFURLResponseSerialization.m; sourceTree = "<group>"; };
		878272891E0154D200DECCBD /* AFURLSessionManager.h */ = {isa = PBXFileReference; fileEncoding = 4; lastKnownFileType = sourcecode.c.h; path = AFURLSessionManager.h; sourceTree = "<group>"; };
		8782728A1E0154D200DECCBD /* AFURLSessionManager.m */ = {isa = PBXFileReference; fileEncoding = 4; lastKnownFileType = sourcecode.c.objc; path = AFURLSessionManager.m; sourceTree = "<group>"; };
		8782728C1E0154D200DECCBD /* AFNetworkActivityIndicatorManager.h */ = {isa = PBXFileReference; fileEncoding = 4; lastKnownFileType = sourcecode.c.h; path = AFNetworkActivityIndicatorManager.h; sourceTree = "<group>"; };
		8782728D1E0154D200DECCBD /* AFNetworkActivityIndicatorManager.m */ = {isa = PBXFileReference; fileEncoding = 4; lastKnownFileType = sourcecode.c.objc; path = AFNetworkActivityIndicatorManager.m; sourceTree = "<group>"; };
		8782728E1E0154D200DECCBD /* UIActivityIndicatorView+AFNetworking.h */ = {isa = PBXFileReference; fileEncoding = 4; lastKnownFileType = sourcecode.c.h; path = "UIActivityIndicatorView+AFNetworking.h"; sourceTree = "<group>"; };
		8782728F1E0154D200DECCBD /* UIActivityIndicatorView+AFNetworking.m */ = {isa = PBXFileReference; fileEncoding = 4; lastKnownFileType = sourcecode.c.objc; path = "UIActivityIndicatorView+AFNetworking.m"; sourceTree = "<group>"; };
		878272901E0154D200DECCBD /* UIAlertView+AFNetworking.h */ = {isa = PBXFileReference; fileEncoding = 4; lastKnownFileType = sourcecode.c.h; path = "UIAlertView+AFNetworking.h"; sourceTree = "<group>"; };
		878272911E0154D200DECCBD /* UIAlertView+AFNetworking.m */ = {isa = PBXFileReference; fileEncoding = 4; lastKnownFileType = sourcecode.c.objc; path = "UIAlertView+AFNetworking.m"; sourceTree = "<group>"; };
		878272921E0154D200DECCBD /* UIButton+AFNetworking.h */ = {isa = PBXFileReference; fileEncoding = 4; lastKnownFileType = sourcecode.c.h; path = "UIButton+AFNetworking.h"; sourceTree = "<group>"; };
		878272931E0154D200DECCBD /* UIButton+AFNetworking.m */ = {isa = PBXFileReference; fileEncoding = 4; lastKnownFileType = sourcecode.c.objc; path = "UIButton+AFNetworking.m"; sourceTree = "<group>"; };
		878272941E0154D200DECCBD /* UIImageView+AFNetworking.h */ = {isa = PBXFileReference; fileEncoding = 4; lastKnownFileType = sourcecode.c.h; path = "UIImageView+AFNetworking.h"; sourceTree = "<group>"; };
		878272951E0154D200DECCBD /* UIImageView+AFNetworking.m */ = {isa = PBXFileReference; fileEncoding = 4; lastKnownFileType = sourcecode.c.objc; path = "UIImageView+AFNetworking.m"; sourceTree = "<group>"; };
		878272961E0154D200DECCBD /* UIKit+AFNetworking.h */ = {isa = PBXFileReference; fileEncoding = 4; lastKnownFileType = sourcecode.c.h; path = "UIKit+AFNetworking.h"; sourceTree = "<group>"; };
		878272971E0154D200DECCBD /* UIProgressView+AFNetworking.h */ = {isa = PBXFileReference; fileEncoding = 4; lastKnownFileType = sourcecode.c.h; path = "UIProgressView+AFNetworking.h"; sourceTree = "<group>"; };
		878272981E0154D200DECCBD /* UIProgressView+AFNetworking.m */ = {isa = PBXFileReference; fileEncoding = 4; lastKnownFileType = sourcecode.c.objc; path = "UIProgressView+AFNetworking.m"; sourceTree = "<group>"; };
		878272991E0154D200DECCBD /* UIRefreshControl+AFNetworking.h */ = {isa = PBXFileReference; fileEncoding = 4; lastKnownFileType = sourcecode.c.h; path = "UIRefreshControl+AFNetworking.h"; sourceTree = "<group>"; };
		8782729A1E0154D200DECCBD /* UIRefreshControl+AFNetworking.m */ = {isa = PBXFileReference; fileEncoding = 4; lastKnownFileType = sourcecode.c.objc; path = "UIRefreshControl+AFNetworking.m"; sourceTree = "<group>"; };
		8782729B1E0154D200DECCBD /* UIWebView+AFNetworking.h */ = {isa = PBXFileReference; fileEncoding = 4; lastKnownFileType = sourcecode.c.h; path = "UIWebView+AFNetworking.h"; sourceTree = "<group>"; };
		8782729C1E0154D200DECCBD /* UIWebView+AFNetworking.m */ = {isa = PBXFileReference; fileEncoding = 4; lastKnownFileType = sourcecode.c.objc; path = "UIWebView+AFNetworking.m"; sourceTree = "<group>"; };
		878272AF1E0154E100DECCBD /* SVProgressHUD.bundle */ = {isa = PBXFileReference; lastKnownFileType = "wrapper.plug-in"; path = SVProgressHUD.bundle; sourceTree = "<group>"; };
		878272B01E0154E100DECCBD /* SVProgressHUD.h */ = {isa = PBXFileReference; fileEncoding = 4; lastKnownFileType = sourcecode.c.h; path = SVProgressHUD.h; sourceTree = "<group>"; };
		878272B11E0154E100DECCBD /* SVProgressHUD.m */ = {isa = PBXFileReference; fileEncoding = 4; lastKnownFileType = sourcecode.c.objc; path = SVProgressHUD.m; sourceTree = "<group>"; };
		878272B41E0155D100DECCBD /* LanshanTransportationOA.pch */ = {isa = PBXFileReference; lastKnownFileType = sourcecode.c.h; path = LanshanTransportationOA.pch; sourceTree = "<group>"; };
		878272DC1E0158D600DECCBD /* NSObject+SBJson.h */ = {isa = PBXFileReference; fileEncoding = 4; lastKnownFileType = sourcecode.c.h; path = "NSObject+SBJson.h"; sourceTree = "<group>"; };
		878272DD1E0158D600DECCBD /* NSObject+SBJson.m */ = {isa = PBXFileReference; fileEncoding = 4; lastKnownFileType = sourcecode.c.objc; path = "NSObject+SBJson.m"; sourceTree = "<group>"; };
		878272DE1E0158D600DECCBD /* SBJson.h */ = {isa = PBXFileReference; fileEncoding = 4; lastKnownFileType = sourcecode.c.h; path = SBJson.h; sourceTree = "<group>"; };
		878272DF1E0158D600DECCBD /* SBJsonParser.h */ = {isa = PBXFileReference; fileEncoding = 4; lastKnownFileType = sourcecode.c.h; path = SBJsonParser.h; sourceTree = "<group>"; };
		878272E01E0158D600DECCBD /* SBJsonParser.m */ = {isa = PBXFileReference; fileEncoding = 4; lastKnownFileType = sourcecode.c.objc; path = SBJsonParser.m; sourceTree = "<group>"; };
		878272E11E0158D600DECCBD /* SBJsonStreamParser.h */ = {isa = PBXFileReference; fileEncoding = 4; lastKnownFileType = sourcecode.c.h; path = SBJsonStreamParser.h; sourceTree = "<group>"; };
		878272E21E0158D600DECCBD /* SBJsonStreamParser.m */ = {isa = PBXFileReference; fileEncoding = 4; lastKnownFileType = sourcecode.c.objc; path = SBJsonStreamParser.m; sourceTree = "<group>"; };
		878272E31E0158D600DECCBD /* SBJsonStreamParserAccumulator.h */ = {isa = PBXFileReference; fileEncoding = 4; lastKnownFileType = sourcecode.c.h; path = SBJsonStreamParserAccumulator.h; sourceTree = "<group>"; };
		878272E41E0158D600DECCBD /* SBJsonStreamParserAccumulator.m */ = {isa = PBXFileReference; fileEncoding = 4; lastKnownFileType = sourcecode.c.objc; path = SBJsonStreamParserAccumulator.m; sourceTree = "<group>"; };
		878272E51E0158D600DECCBD /* SBJsonStreamParserAdapter.h */ = {isa = PBXFileReference; fileEncoding = 4; lastKnownFileType = sourcecode.c.h; path = SBJsonStreamParserAdapter.h; sourceTree = "<group>"; };
		878272E61E0158D600DECCBD /* SBJsonStreamParserAdapter.m */ = {isa = PBXFileReference; fileEncoding = 4; lastKnownFileType = sourcecode.c.objc; path = SBJsonStreamParserAdapter.m; sourceTree = "<group>"; };
		878272E71E0158D600DECCBD /* SBJsonStreamParserState.h */ = {isa = PBXFileReference; fileEncoding = 4; lastKnownFileType = sourcecode.c.h; path = SBJsonStreamParserState.h; sourceTree = "<group>"; };
		878272E81E0158D600DECCBD /* SBJsonStreamParserState.m */ = {isa = PBXFileReference; fileEncoding = 4; lastKnownFileType = sourcecode.c.objc; path = SBJsonStreamParserState.m; sourceTree = "<group>"; };
		878272E91E0158D600DECCBD /* SBJsonStreamWriter.h */ = {isa = PBXFileReference; fileEncoding = 4; lastKnownFileType = sourcecode.c.h; path = SBJsonStreamWriter.h; sourceTree = "<group>"; };
		878272EA1E0158D600DECCBD /* SBJsonStreamWriter.m */ = {isa = PBXFileReference; fileEncoding = 4; lastKnownFileType = sourcecode.c.objc; path = SBJsonStreamWriter.m; sourceTree = "<group>"; };
		878272EB1E0158D600DECCBD /* SBJsonStreamWriterAccumulator.h */ = {isa = PBXFileReference; fileEncoding = 4; lastKnownFileType = sourcecode.c.h; path = SBJsonStreamWriterAccumulator.h; sourceTree = "<group>"; };
		878272EC1E0158D600DECCBD /* SBJsonStreamWriterAccumulator.m */ = {isa = PBXFileReference; fileEncoding = 4; lastKnownFileType = sourcecode.c.objc; path = SBJsonStreamWriterAccumulator.m; sourceTree = "<group>"; };
		878272ED1E0158D600DECCBD /* SBJsonStreamWriterState.h */ = {isa = PBXFileReference; fileEncoding = 4; lastKnownFileType = sourcecode.c.h; path = SBJsonStreamWriterState.h; sourceTree = "<group>"; };
		878272EE1E0158D600DECCBD /* SBJsonStreamWriterState.m */ = {isa = PBXFileReference; fileEncoding = 4; lastKnownFileType = sourcecode.c.objc; path = SBJsonStreamWriterState.m; sourceTree = "<group>"; };
		878272EF1E0158D600DECCBD /* SBJsonTokeniser.h */ = {isa = PBXFileReference; fileEncoding = 4; lastKnownFileType = sourcecode.c.h; path = SBJsonTokeniser.h; sourceTree = "<group>"; };
		878272F01E0158D600DECCBD /* SBJsonTokeniser.m */ = {isa = PBXFileReference; fileEncoding = 4; lastKnownFileType = sourcecode.c.objc; path = SBJsonTokeniser.m; sourceTree = "<group>"; };
		878272F11E0158D600DECCBD /* SBJsonUTF8Stream.h */ = {isa = PBXFileReference; fileEncoding = 4; lastKnownFileType = sourcecode.c.h; path = SBJsonUTF8Stream.h; sourceTree = "<group>"; };
		878272F21E0158D600DECCBD /* SBJsonUTF8Stream.m */ = {isa = PBXFileReference; fileEncoding = 4; lastKnownFileType = sourcecode.c.objc; path = SBJsonUTF8Stream.m; sourceTree = "<group>"; };
		878272F31E0158D600DECCBD /* SBJsonWriter.h */ = {isa = PBXFileReference; fileEncoding = 4; lastKnownFileType = sourcecode.c.h; path = SBJsonWriter.h; sourceTree = "<group>"; };
		878272F41E0158D600DECCBD /* SBJsonWriter.m */ = {isa = PBXFileReference; fileEncoding = 4; lastKnownFileType = sourcecode.c.objc; path = SBJsonWriter.m; sourceTree = "<group>"; };
/* End PBXFileReference section */

/* Begin PBXFrameworksBuildPhase section */
		87415D021E0129C9005C5AEA /* Frameworks */ = {
			isa = PBXFrameworksBuildPhase;
			buildActionMask = 2147483647;
			files = (
			);
			runOnlyForDeploymentPostprocessing = 0;
		};
		87415D1B1E0129C9005C5AEA /* Frameworks */ = {
			isa = PBXFrameworksBuildPhase;
			buildActionMask = 2147483647;
			files = (
			);
			runOnlyForDeploymentPostprocessing = 0;
		};
		87415D261E0129C9005C5AEA /* Frameworks */ = {
			isa = PBXFrameworksBuildPhase;
			buildActionMask = 2147483647;
			files = (
			);
			runOnlyForDeploymentPostprocessing = 0;
		};
/* End PBXFrameworksBuildPhase section */

/* Begin PBXGroup section */
		87415CFC1E0129C9005C5AEA = {
			isa = PBXGroup;
			children = (
				87415D071E0129C9005C5AEA /* LanshanTransportationOA */,
				87415D211E0129C9005C5AEA /* LanshanTransportationOATests */,
				87415D2C1E0129C9005C5AEA /* LanshanTransportationOAUITests */,
				87415D061E0129C9005C5AEA /* Products */,
			);
			sourceTree = "<group>";
		};
		87415D061E0129C9005C5AEA /* Products */ = {
			isa = PBXGroup;
			children = (
				87415D051E0129C9005C5AEA /* LanshanTransportationOA.app */,
				87415D1E1E0129C9005C5AEA /* LanshanTransportationOATests.xctest */,
				87415D291E0129C9005C5AEA /* LanshanTransportationOAUITests.xctest */,
			);
			name = Products;
			sourceTree = "<group>";
		};
		87415D071E0129C9005C5AEA /* LanshanTransportationOA */ = {
			isa = PBXGroup;
			children = (
				878272751E0154C100DECCBD /* Lib */,
				87415D0B1E0129C9005C5AEA /* AppDelegate.h */,
				87415D0C1E0129C9005C5AEA /* AppDelegate.m */,
				87415D0E1E0129C9005C5AEA /* ViewController.h */,
				87415D0F1E0129C9005C5AEA /* ViewController.m */,
				87415D111E0129C9005C5AEA /* Main.storyboard */,
				87415D141E0129C9005C5AEA /* Assets.xcassets */,
				87415D161E0129C9005C5AEA /* LaunchScreen.storyboard */,
				87415D191E0129C9005C5AEA /* Info.plist */,
				87415D081E0129C9005C5AEA /* Supporting Files */,
				878272691E0133FC00DECCBD /* LTMainViewController.h */,
				8782726A1E0133FC00DECCBD /* LTMainViewController.m */,
				8782726C1E014F8800DECCBD /* LTTabBarController.h */,
				8782726D1E014F8800DECCBD /* LTTabBarController.m */,
				8782726F1E01542500DECCBD /* LTContactsViewController.h */,
				878272701E01542500DECCBD /* LTContactsViewController.m */,
				878272721E01545400DECCBD /* LTCommunicateViewController.h */,
				878272731E01545400DECCBD /* LTCommunicateViewController.m */,
			);
			path = LanshanTransportationOA;
			sourceTree = "<group>";
		};
		87415D081E0129C9005C5AEA /* Supporting Files */ = {
			isa = PBXGroup;
			children = (
				87415D091E0129C9005C5AEA /* main.m */,
				878272B41E0155D100DECCBD /* LanshanTransportationOA.pch */,
			);
			name = "Supporting Files";
			sourceTree = "<group>";
		};
		87415D211E0129C9005C5AEA /* LanshanTransportationOATests */ = {
			isa = PBXGroup;
			children = (
				87415D221E0129C9005C5AEA /* LanshanTransportationOATests.m */,
				87415D241E0129C9005C5AEA /* Info.plist */,
			);
			path = LanshanTransportationOATests;
			sourceTree = "<group>";
		};
		87415D2C1E0129C9005C5AEA /* LanshanTransportationOAUITests */ = {
			isa = PBXGroup;
			children = (
				87415D2D1E0129C9005C5AEA /* LanshanTransportationOAUITests.m */,
				87415D2F1E0129C9005C5AEA /* Info.plist */,
			);
			path = LanshanTransportationOAUITests;
			sourceTree = "<group>";
		};
		878272751E0154C100DECCBD /* Lib */ = {
			isa = PBXGroup;
			children = (
				878272DB1E0158D600DECCBD /* SBJson */,
				878272AE1E0154E100DECCBD /* SVProgressHUD */,
				878272761E0154D200DECCBD /* AFNetworking */,
			);
			name = Lib;
			sourceTree = "<group>";
		};
		878272761E0154D200DECCBD /* AFNetworking */ = {
			isa = PBXGroup;
			children = (
				878272771E0154D200DECCBD /* AFNetworking */,
				8782728B1E0154D200DECCBD /* UIKit+AFNetworking */,
			);
			path = AFNetworking;
			sourceTree = "<group>";
		};
		878272771E0154D200DECCBD /* AFNetworking */ = {
			isa = PBXGroup;
			children = (
				878272781E0154D200DECCBD /* AFHTTPRequestOperation.h */,
				878272791E0154D200DECCBD /* AFHTTPRequestOperation.m */,
				8782727A1E0154D200DECCBD /* AFHTTPRequestOperationManager.h */,
				8782727B1E0154D200DECCBD /* AFHTTPRequestOperationManager.m */,
				8782727C1E0154D200DECCBD /* AFHTTPSessionManager.h */,
				8782727D1E0154D200DECCBD /* AFHTTPSessionManager.m */,
				8782727E1E0154D200DECCBD /* AFNetworking.h */,
				8782727F1E0154D200DECCBD /* AFNetworkReachabilityManager.h */,
				878272801E0154D200DECCBD /* AFNetworkReachabilityManager.m */,
				878272811E0154D200DECCBD /* AFSecurityPolicy.h */,
				878272821E0154D200DECCBD /* AFSecurityPolicy.m */,
				878272831E0154D200DECCBD /* AFURLConnectionOperation.h */,
				878272841E0154D200DECCBD /* AFURLConnectionOperation.m */,
				878272851E0154D200DECCBD /* AFURLRequestSerialization.h */,
				878272861E0154D200DECCBD /* AFURLRequestSerialization.m */,
				878272871E0154D200DECCBD /* AFURLResponseSerialization.h */,
				878272881E0154D200DECCBD /* AFURLResponseSerialization.m */,
				878272891E0154D200DECCBD /* AFURLSessionManager.h */,
				8782728A1E0154D200DECCBD /* AFURLSessionManager.m */,
			);
			path = AFNetworking;
			sourceTree = "<group>";
		};
		8782728B1E0154D200DECCBD /* UIKit+AFNetworking */ = {
			isa = PBXGroup;
			children = (
				8782728C1E0154D200DECCBD /* AFNetworkActivityIndicatorManager.h */,
				8782728D1E0154D200DECCBD /* AFNetworkActivityIndicatorManager.m */,
				8782728E1E0154D200DECCBD /* UIActivityIndicatorView+AFNetworking.h */,
				8782728F1E0154D200DECCBD /* UIActivityIndicatorView+AFNetworking.m */,
				878272901E0154D200DECCBD /* UIAlertView+AFNetworking.h */,
				878272911E0154D200DECCBD /* UIAlertView+AFNetworking.m */,
				878272921E0154D200DECCBD /* UIButton+AFNetworking.h */,
				878272931E0154D200DECCBD /* UIButton+AFNetworking.m */,
				878272941E0154D200DECCBD /* UIImageView+AFNetworking.h */,
				878272951E0154D200DECCBD /* UIImageView+AFNetworking.m */,
				878272961E0154D200DECCBD /* UIKit+AFNetworking.h */,
				878272971E0154D200DECCBD /* UIProgressView+AFNetworking.h */,
				878272981E0154D200DECCBD /* UIProgressView+AFNetworking.m */,
				878272991E0154D200DECCBD /* UIRefreshControl+AFNetworking.h */,
				8782729A1E0154D200DECCBD /* UIRefreshControl+AFNetworking.m */,
				8782729B1E0154D200DECCBD /* UIWebView+AFNetworking.h */,
				8782729C1E0154D200DECCBD /* UIWebView+AFNetworking.m */,
			);
			path = "UIKit+AFNetworking";
			sourceTree = "<group>";
		};
		878272AE1E0154E100DECCBD /* SVProgressHUD */ = {
			isa = PBXGroup;
			children = (
				878272AF1E0154E100DECCBD /* SVProgressHUD.bundle */,
				878272B01E0154E100DECCBD /* SVProgressHUD.h */,
				878272B11E0154E100DECCBD /* SVProgressHUD.m */,
			);
			path = SVProgressHUD;
			sourceTree = "<group>";
		};
		878272DB1E0158D600DECCBD /* SBJson */ = {
			isa = PBXGroup;
			children = (
				878272DC1E0158D600DECCBD /* NSObject+SBJson.h */,
				878272DD1E0158D600DECCBD /* NSObject+SBJson.m */,
				878272DE1E0158D600DECCBD /* SBJson.h */,
				878272DF1E0158D600DECCBD /* SBJsonParser.h */,
				878272E01E0158D600DECCBD /* SBJsonParser.m */,
				878272E11E0158D600DECCBD /* SBJsonStreamParser.h */,
				878272E21E0158D600DECCBD /* SBJsonStreamParser.m */,
				878272E31E0158D600DECCBD /* SBJsonStreamParserAccumulator.h */,
				878272E41E0158D600DECCBD /* SBJsonStreamParserAccumulator.m */,
				878272E51E0158D600DECCBD /* SBJsonStreamParserAdapter.h */,
				878272E61E0158D600DECCBD /* SBJsonStreamParserAdapter.m */,
				878272E71E0158D600DECCBD /* SBJsonStreamParserState.h */,
				878272E81E0158D600DECCBD /* SBJsonStreamParserState.m */,
				878272E91E0158D600DECCBD /* SBJsonStreamWriter.h */,
				878272EA1E0158D600DECCBD /* SBJsonStreamWriter.m */,
				878272EB1E0158D600DECCBD /* SBJsonStreamWriterAccumulator.h */,
				878272EC1E0158D600DECCBD /* SBJsonStreamWriterAccumulator.m */,
				878272ED1E0158D600DECCBD /* SBJsonStreamWriterState.h */,
				878272EE1E0158D600DECCBD /* SBJsonStreamWriterState.m */,
				878272EF1E0158D600DECCBD /* SBJsonTokeniser.h */,
				878272F01E0158D600DECCBD /* SBJsonTokeniser.m */,
				878272F11E0158D600DECCBD /* SBJsonUTF8Stream.h */,
				878272F21E0158D600DECCBD /* SBJsonUTF8Stream.m */,
				878272F31E0158D600DECCBD /* SBJsonWriter.h */,
				878272F41E0158D600DECCBD /* SBJsonWriter.m */,
			);
			path = SBJson;
			sourceTree = "<group>";
		};
/* End PBXGroup section */

/* Begin PBXNativeTarget section */
		87415D041E0129C9005C5AEA /* LanshanTransportationOA */ = {
			isa = PBXNativeTarget;
			buildConfigurationList = 87415D321E0129C9005C5AEA /* Build configuration list for PBXNativeTarget "LanshanTransportationOA" */;
			buildPhases = (
				87415D011E0129C9005C5AEA /* Sources */,
				87415D021E0129C9005C5AEA /* Frameworks */,
				87415D031E0129C9005C5AEA /* Resources */,
			);
			buildRules = (
			);
			dependencies = (
			);
			name = LanshanTransportationOA;
			productName = LanshanTransportationOA;
			productReference = 87415D051E0129C9005C5AEA /* LanshanTransportationOA.app */;
			productType = "com.apple.product-type.application";
		};
		87415D1D1E0129C9005C5AEA /* LanshanTransportationOATests */ = {
			isa = PBXNativeTarget;
			buildConfigurationList = 87415D351E0129C9005C5AEA /* Build configuration list for PBXNativeTarget "LanshanTransportationOATests" */;
			buildPhases = (
				87415D1A1E0129C9005C5AEA /* Sources */,
				87415D1B1E0129C9005C5AEA /* Frameworks */,
				87415D1C1E0129C9005C5AEA /* Resources */,
			);
			buildRules = (
			);
			dependencies = (
				87415D201E0129C9005C5AEA /* PBXTargetDependency */,
			);
			name = LanshanTransportationOATests;
			productName = LanshanTransportationOATests;
			productReference = 87415D1E1E0129C9005C5AEA /* LanshanTransportationOATests.xctest */;
			productType = "com.apple.product-type.bundle.unit-test";
		};
		87415D281E0129C9005C5AEA /* LanshanTransportationOAUITests */ = {
			isa = PBXNativeTarget;
			buildConfigurationList = 87415D381E0129C9005C5AEA /* Build configuration list for PBXNativeTarget "LanshanTransportationOAUITests" */;
			buildPhases = (
				87415D251E0129C9005C5AEA /* Sources */,
				87415D261E0129C9005C5AEA /* Frameworks */,
				87415D271E0129C9005C5AEA /* Resources */,
			);
			buildRules = (
			);
			dependencies = (
				87415D2B1E0129C9005C5AEA /* PBXTargetDependency */,
			);
			name = LanshanTransportationOAUITests;
			productName = LanshanTransportationOAUITests;
			productReference = 87415D291E0129C9005C5AEA /* LanshanTransportationOAUITests.xctest */;
			productType = "com.apple.product-type.bundle.ui-testing";
		};
/* End PBXNativeTarget section */

/* Begin PBXProject section */
		87415CFD1E0129C9005C5AEA /* Project object */ = {
			isa = PBXProject;
			attributes = {
				LastUpgradeCheck = 0810;
				ORGANIZATIONNAME = "任维超";
				TargetAttributes = {
					87415D041E0129C9005C5AEA = {
						CreatedOnToolsVersion = 8.1;
						DevelopmentTeam = U6FT9LZ7R7;
						ProvisioningStyle = Automatic;
					};
					87415D1D1E0129C9005C5AEA = {
						CreatedOnToolsVersion = 8.1;
						ProvisioningStyle = Automatic;
						TestTargetID = 87415D041E0129C9005C5AEA;
					};
					87415D281E0129C9005C5AEA = {
						CreatedOnToolsVersion = 8.1;
						ProvisioningStyle = Automatic;
						TestTargetID = 87415D041E0129C9005C5AEA;
					};
				};
			};
			buildConfigurationList = 87415D001E0129C9005C5AEA /* Build configuration list for PBXProject "LanshanTransportationOA" */;
			compatibilityVersion = "Xcode 3.2";
			developmentRegion = English;
			hasScannedForEncodings = 0;
			knownRegions = (
				en,
				Base,
			);
			mainGroup = 87415CFC1E0129C9005C5AEA;
			productRefGroup = 87415D061E0129C9005C5AEA /* Products */;
			projectDirPath = "";
			projectRoot = "";
			targets = (
				87415D041E0129C9005C5AEA /* LanshanTransportationOA */,
				87415D1D1E0129C9005C5AEA /* LanshanTransportationOATests */,
				87415D281E0129C9005C5AEA /* LanshanTransportationOAUITests */,
			);
		};
/* End PBXProject section */

/* Begin PBXResourcesBuildPhase section */
		87415D031E0129C9005C5AEA /* Resources */ = {
			isa = PBXResourcesBuildPhase;
			buildActionMask = 2147483647;
			files = (
				87415D181E0129C9005C5AEA /* LaunchScreen.storyboard in Resources */,
				87415D151E0129C9005C5AEA /* Assets.xcassets in Resources */,
				87415D131E0129C9005C5AEA /* Main.storyboard in Resources */,
				878272B21E0154E100DECCBD /* SVProgressHUD.bundle in Resources */,
			);
			runOnlyForDeploymentPostprocessing = 0;
		};
		87415D1C1E0129C9005C5AEA /* Resources */ = {
			isa = PBXResourcesBuildPhase;
			buildActionMask = 2147483647;
			files = (
			);
			runOnlyForDeploymentPostprocessing = 0;
		};
		87415D271E0129C9005C5AEA /* Resources */ = {
			isa = PBXResourcesBuildPhase;
			buildActionMask = 2147483647;
			files = (
			);
			runOnlyForDeploymentPostprocessing = 0;
		};
/* End PBXResourcesBuildPhase section */

/* Begin PBXSourcesBuildPhase section */
		87415D011E0129C9005C5AEA /* Sources */ = {
			isa = PBXSourcesBuildPhase;
			buildActionMask = 2147483647;
			files = (
				878272AC1E0154D200DECCBD /* UIRefreshControl+AFNetworking.m in Sources */,
				878272A21E0154D200DECCBD /* AFURLConnectionOperation.m in Sources */,
				87415D101E0129C9005C5AEA /* ViewController.m in Sources */,
				878272AB1E0154D200DECCBD /* UIProgressView+AFNetworking.m in Sources */,
				8782726B1E0133FC00DECCBD /* LTMainViewController.m in Sources */,
				878272A81E0154D200DECCBD /* UIAlertView+AFNetworking.m in Sources */,
				87415D0D1E0129C9005C5AEA /* AppDelegate.m in Sources */,
				878272FB1E0158D600DECCBD /* SBJsonStreamWriter.m in Sources */,
				878272FC1E0158D600DECCBD /* SBJsonStreamWriterAccumulator.m in Sources */,
				878272A41E0154D200DECCBD /* AFURLResponseSerialization.m in Sources */,
				878272A91E0154D200DECCBD /* UIButton+AFNetworking.m in Sources */,
				878272FF1E0158D600DECCBD /* SBJsonUTF8Stream.m in Sources */,
				8782726E1E014F8800DECCBD /* LTTabBarController.m in Sources */,
				878272A71E0154D200DECCBD /* UIActivityIndicatorView+AFNetworking.m in Sources */,
				878272F91E0158D600DECCBD /* SBJsonStreamParserAdapter.m in Sources */,
				878272F81E0158D600DECCBD /* SBJsonStreamParserAccumulator.m in Sources */,
				878272FA1E0158D600DECCBD /* SBJsonStreamParserState.m in Sources */,
				878272FE1E0158D600DECCBD /* SBJsonTokeniser.m in Sources */,
				878272F71E0158D600DECCBD /* SBJsonStreamParser.m in Sources */,
				878272FD1E0158D600DECCBD /* SBJsonStreamWriterState.m in Sources */,
				878272A31E0154D200DECCBD /* AFURLRequestSerialization.m in Sources */,
				878272B31E0154E100DECCBD /* SVProgressHUD.m in Sources */,
				878272A61E0154D200DECCBD /* AFNetworkActivityIndicatorManager.m in Sources */,
				878272A11E0154D200DECCBD /* AFSecurityPolicy.m in Sources */,
				8782729D1E0154D200DECCBD /* AFHTTPRequestOperation.m in Sources */,
				878272A51E0154D200DECCBD /* AFURLSessionManager.m in Sources */,
				87415D0A1E0129C9005C5AEA /* main.m in Sources */,
				878272F51E0158D600DECCBD /* NSObject+SBJson.m in Sources */,
				878273001E0158D600DECCBD /* SBJsonWriter.m in Sources */,
				878272711E01542500DECCBD /* LTContactsViewController.m in Sources */,
				8782729F1E0154D200DECCBD /* AFHTTPSessionManager.m in Sources */,
				878272741E01545400DECCBD /* LTCommunicateViewController.m in Sources */,
				878272AD1E0154D200DECCBD /* UIWebView+AFNetworking.m in Sources */,
				878272A01E0154D200DECCBD /* AFNetworkReachabilityManager.m in Sources */,
				878272F61E0158D600DECCBD /* SBJsonParser.m in Sources */,
				878272AA1E0154D200DECCBD /* UIImageView+AFNetworking.m in Sources */,
				8782729E1E0154D200DECCBD /* AFHTTPRequestOperationManager.m in Sources */,
			);
			runOnlyForDeploymentPostprocessing = 0;
		};
		87415D1A1E0129C9005C5AEA /* Sources */ = {
			isa = PBXSourcesBuildPhase;
			buildActionMask = 2147483647;
			files = (
				87415D231E0129C9005C5AEA /* LanshanTransportationOATests.m in Sources */,
			);
			runOnlyForDeploymentPostprocessing = 0;
		};
		87415D251E0129C9005C5AEA /* Sources */ = {
			isa = PBXSourcesBuildPhase;
			buildActionMask = 2147483647;
			files = (
				87415D2E1E0129C9005C5AEA /* LanshanTransportationOAUITests.m in Sources */,
			);
			runOnlyForDeploymentPostprocessing = 0;
		};
/* End PBXSourcesBuildPhase section */

/* Begin PBXTargetDependency section */
		87415D201E0129C9005C5AEA /* PBXTargetDependency */ = {
			isa = PBXTargetDependency;
			target = 87415D041E0129C9005C5AEA /* LanshanTransportationOA */;
			targetProxy = 87415D1F1E0129C9005C5AEA /* PBXContainerItemProxy */;
		};
		87415D2B1E0129C9005C5AEA /* PBXTargetDependency */ = {
			isa = PBXTargetDependency;
			target = 87415D041E0129C9005C5AEA /* LanshanTransportationOA */;
			targetProxy = 87415D2A1E0129C9005C5AEA /* PBXContainerItemProxy */;
		};
/* End PBXTargetDependency section */

/* Begin PBXVariantGroup section */
		87415D111E0129C9005C5AEA /* Main.storyboard */ = {
			isa = PBXVariantGroup;
			children = (
				87415D121E0129C9005C5AEA /* Base */,
			);
			name = Main.storyboard;
			sourceTree = "<group>";
		};
		87415D161E0129C9005C5AEA /* LaunchScreen.storyboard */ = {
			isa = PBXVariantGroup;
			children = (
				87415D171E0129C9005C5AEA /* Base */,
			);
			name = LaunchScreen.storyboard;
			sourceTree = "<group>";
		};
/* End PBXVariantGroup section */

/* Begin XCBuildConfiguration section */
		87415D301E0129C9005C5AEA /* Debug */ = {
			isa = XCBuildConfiguration;
			buildSettings = {
				ALWAYS_SEARCH_USER_PATHS = NO;
				CLANG_ANALYZER_NONNULL = YES;
				CLANG_CXX_LANGUAGE_STANDARD = "gnu++0x";
				CLANG_CXX_LIBRARY = "libc++";
				CLANG_ENABLE_MODULES = YES;
				CLANG_ENABLE_OBJC_ARC = YES;
				CLANG_WARN_BOOL_CONVERSION = YES;
				CLANG_WARN_CONSTANT_CONVERSION = YES;
				CLANG_WARN_DIRECT_OBJC_ISA_USAGE = YES_ERROR;
				CLANG_WARN_DOCUMENTATION_COMMENTS = YES;
				CLANG_WARN_EMPTY_BODY = YES;
				CLANG_WARN_ENUM_CONVERSION = YES;
				CLANG_WARN_INFINITE_RECURSION = YES;
				CLANG_WARN_INT_CONVERSION = YES;
				CLANG_WARN_OBJC_ROOT_CLASS = YES_ERROR;
				CLANG_WARN_SUSPICIOUS_MOVES = YES;
				CLANG_WARN_UNREACHABLE_CODE = YES;
				CLANG_WARN__DUPLICATE_METHOD_MATCH = YES;
				"CODE_SIGN_IDENTITY[sdk=iphoneos*]" = "iPhone Developer";
				COPY_PHASE_STRIP = NO;
				DEBUG_INFORMATION_FORMAT = dwarf;
				ENABLE_STRICT_OBJC_MSGSEND = YES;
				ENABLE_TESTABILITY = YES;
				GCC_C_LANGUAGE_STANDARD = gnu99;
				GCC_DYNAMIC_NO_PIC = NO;
				GCC_NO_COMMON_BLOCKS = YES;
				GCC_OPTIMIZATION_LEVEL = 0;
				GCC_PREPROCESSOR_DEFINITIONS = (
					"DEBUG=1",
					"$(inherited)",
				);
				GCC_WARN_64_TO_32_BIT_CONVERSION = YES;
				GCC_WARN_ABOUT_RETURN_TYPE = YES_ERROR;
				GCC_WARN_UNDECLARED_SELECTOR = YES;
				GCC_WARN_UNINITIALIZED_AUTOS = YES_AGGRESSIVE;
				GCC_WARN_UNUSED_FUNCTION = YES;
				GCC_WARN_UNUSED_VARIABLE = YES;
				IPHONEOS_DEPLOYMENT_TARGET = 10.1;
				MTL_ENABLE_DEBUG_INFO = YES;
				ONLY_ACTIVE_ARCH = YES;
				SDKROOT = iphoneos;
				TARGETED_DEVICE_FAMILY = "1,2";
			};
			name = Debug;
		};
		87415D311E0129C9005C5AEA /* Release */ = {
			isa = XCBuildConfiguration;
			buildSettings = {
				ALWAYS_SEARCH_USER_PATHS = NO;
				CLANG_ANALYZER_NONNULL = YES;
				CLANG_CXX_LANGUAGE_STANDARD = "gnu++0x";
				CLANG_CXX_LIBRARY = "libc++";
				CLANG_ENABLE_MODULES = YES;
				CLANG_ENABLE_OBJC_ARC = YES;
				CLANG_WARN_BOOL_CONVERSION = YES;
				CLANG_WARN_CONSTANT_CONVERSION = YES;
				CLANG_WARN_DIRECT_OBJC_ISA_USAGE = YES_ERROR;
				CLANG_WARN_DOCUMENTATION_COMMENTS = YES;
				CLANG_WARN_EMPTY_BODY = YES;
				CLANG_WARN_ENUM_CONVERSION = YES;
				CLANG_WARN_INFINITE_RECURSION = YES;
				CLANG_WARN_INT_CONVERSION = YES;
				CLANG_WARN_OBJC_ROOT_CLASS = YES_ERROR;
				CLANG_WARN_SUSPICIOUS_MOVES = YES;
				CLANG_WARN_UNREACHABLE_CODE = YES;
				CLANG_WARN__DUPLICATE_METHOD_MATCH = YES;
				"CODE_SIGN_IDENTITY[sdk=iphoneos*]" = "iPhone Developer";
				COPY_PHASE_STRIP = NO;
				DEBUG_INFORMATION_FORMAT = "dwarf-with-dsym";
				ENABLE_NS_ASSERTIONS = NO;
				ENABLE_STRICT_OBJC_MSGSEND = YES;
				GCC_C_LANGUAGE_STANDARD = gnu99;
				GCC_NO_COMMON_BLOCKS = YES;
				GCC_WARN_64_TO_32_BIT_CONVERSION = YES;
				GCC_WARN_ABOUT_RETURN_TYPE = YES_ERROR;
				GCC_WARN_UNDECLARED_SELECTOR = YES;
				GCC_WARN_UNINITIALIZED_AUTOS = YES_AGGRESSIVE;
				GCC_WARN_UNUSED_FUNCTION = YES;
				GCC_WARN_UNUSED_VARIABLE = YES;
				IPHONEOS_DEPLOYMENT_TARGET = 10.1;
				MTL_ENABLE_DEBUG_INFO = NO;
				SDKROOT = iphoneos;
				TARGETED_DEVICE_FAMILY = "1,2";
				VALIDATE_PRODUCT = YES;
			};
			name = Release;
		};
		87415D331E0129C9005C5AEA /* Debug */ = {
			isa = XCBuildConfiguration;
			buildSettings = {
				ASSETCATALOG_COMPILER_APPICON_NAME = AppIcon;
				DEVELOPMENT_TEAM = U6FT9LZ7R7;
				GCC_PREFIX_HEADER = "$(SRCROOT)/LanshanTransportationOA/LanshanTransportationOA.pch";
				INFOPLIST_FILE = LanshanTransportationOA/Info.plist;
				LD_RUNPATH_SEARCH_PATHS = "$(inherited) @executable_path/Frameworks";
				PRODUCT_BUNDLE_IDENTIFIER = com.rzzx.LanshanTransportationOA;
				PRODUCT_NAME = "$(TARGET_NAME)";
			};
			name = Debug;
		};
		87415D341E0129C9005C5AEA /* Release */ = {
			isa = XCBuildConfiguration;
			buildSettings = {
				ASSETCATALOG_COMPILER_APPICON_NAME = AppIcon;
				DEVELOPMENT_TEAM = U6FT9LZ7R7;
				GCC_PREFIX_HEADER = "$(SRCROOT)/LanshanTransportationOA/LanshanTransportationOA.pch";
				INFOPLIST_FILE = LanshanTransportationOA/Info.plist;
				LD_RUNPATH_SEARCH_PATHS = "$(inherited) @executable_path/Frameworks";
				PRODUCT_BUNDLE_IDENTIFIER = com.rzzx.LanshanTransportationOA;
				PRODUCT_NAME = "$(TARGET_NAME)";
			};
			name = Release;
		};
		87415D361E0129C9005C5AEA /* Debug */ = {
			isa = XCBuildConfiguration;
			buildSettings = {
				BUNDLE_LOADER = "$(TEST_HOST)";
				INFOPLIST_FILE = LanshanTransportationOATests/Info.plist;
				LD_RUNPATH_SEARCH_PATHS = "$(inherited) @executable_path/Frameworks @loader_path/Frameworks";
				PRODUCT_BUNDLE_IDENTIFIER = com.rzzx.LanshanTransportationOATests;
				PRODUCT_NAME = "$(TARGET_NAME)";
				TEST_HOST = "$(BUILT_PRODUCTS_DIR)/LanshanTransportationOA.app/LanshanTransportationOA";
			};
			name = Debug;
		};
		87415D371E0129C9005C5AEA /* Release */ = {
			isa = XCBuildConfiguration;
			buildSettings = {
				BUNDLE_LOADER = "$(TEST_HOST)";
				INFOPLIST_FILE = LanshanTransportationOATests/Info.plist;
				LD_RUNPATH_SEARCH_PATHS = "$(inherited) @executable_path/Frameworks @loader_path/Frameworks";
				PRODUCT_BUNDLE_IDENTIFIER = com.rzzx.LanshanTransportationOATests;
				PRODUCT_NAME = "$(TARGET_NAME)";
				TEST_HOST = "$(BUILT_PRODUCTS_DIR)/LanshanTransportationOA.app/LanshanTransportationOA";
			};
			name = Release;
		};
		87415D391E0129C9005C5AEA /* Debug */ = {
			isa = XCBuildConfiguration;
			buildSettings = {
				INFOPLIST_FILE = LanshanTransportationOAUITests/Info.plist;
				LD_RUNPATH_SEARCH_PATHS = "$(inherited) @executable_path/Frameworks @loader_path/Frameworks";
				PRODUCT_BUNDLE_IDENTIFIER = com.rzzx.LanshanTransportationOAUITests;
				PRODUCT_NAME = "$(TARGET_NAME)";
				TEST_TARGET_NAME = LanshanTransportationOA;
			};
			name = Debug;
		};
		87415D3A1E0129C9005C5AEA /* Release */ = {
			isa = XCBuildConfiguration;
			buildSettings = {
				INFOPLIST_FILE = LanshanTransportationOAUITests/Info.plist;
				LD_RUNPATH_SEARCH_PATHS = "$(inherited) @executable_path/Frameworks @loader_path/Frameworks";
				PRODUCT_BUNDLE_IDENTIFIER = com.rzzx.LanshanTransportationOAUITests;
				PRODUCT_NAME = "$(TARGET_NAME)";
				TEST_TARGET_NAME = LanshanTransportationOA;
			};
			name = Release;
		};
/* End XCBuildConfiguration section */

/* Begin XCConfigurationList section */
		87415D001E0129C9005C5AEA /* Build configuration list for PBXProject "LanshanTransportationOA" */ = {
			isa = XCConfigurationList;
			buildConfigurations = (
				87415D301E0129C9005C5AEA /* Debug */,
				87415D311E0129C9005C5AEA /* Release */,
			);
			defaultConfigurationIsVisible = 0;
			defaultConfigurationName = Release;
		};
		87415D321E0129C9005C5AEA /* Build configuration list for PBXNativeTarget "LanshanTransportationOA" */ = {
			isa = XCConfigurationList;
			buildConfigurations = (
				87415D331E0129C9005C5AEA /* Debug */,
				87415D341E0129C9005C5AEA /* Release */,
			);
			defaultConfigurationIsVisible = 0;
			defaultConfigurationName = Release;
		};
		87415D351E0129C9005C5AEA /* Build configuration list for PBXNativeTarget "LanshanTransportationOATests" */ = {
			isa = XCConfigurationList;
			buildConfigurations = (
				87415D361E0129C9005C5AEA /* Debug */,
				87415D371E0129C9005C5AEA /* Release */,
			);
			defaultConfigurationIsVisible = 0;
			defaultConfigurationName = Release;
		};
		87415D381E0129C9005C5AEA /* Build configuration list for PBXNativeTarget "LanshanTransportationOAUITests" */ = {
			isa = XCConfigurationList;
			buildConfigurations = (
				87415D391E0129C9005C5AEA /* Debug */,
				87415D3A1E0129C9005C5AEA /* Release */,
			);
			defaultConfigurationIsVisible = 0;
			defaultConfigurationName = Release;
		};
/* End XCConfigurationList section */
	};
	rootObject = 87415CFD1E0129C9005C5AEA /* Project object */;
}
